
Microsoft Visual Studio Solution File, Format Version 12.00
# Visual Studio Version 16
VisualStudioVersion = 16.0.31402.337
MinimumVisualStudioVersion = 10.0.40219.1
Project("{FAE04EC0-301F-11D3-BF4B-00C04F79EFBC}") = "CrudApplication", "CrudApplication.csproj", "{A3543170-3BCC-4401-945B-753B62099730}"
EndProject
Global
	GlobalSection(SolutionConfigurationPlatforms) = preSolution
		Debug|Any CPU = Debug|Any CPU
		Release|Any CPU = Release|Any CPU
	EndGlobalSection
	GlobalSection(ProjectConfigurationPlatforms) = postSolution
		{A3543170-3BCC-4401-945B-753B62099730}.Debug|Any CPU.ActiveCfg = Debug|Any CPU
		{A3543170-3BCC-4401-945B-753B62099730}.Debug|Any CPU.Build.0 = Debug|Any CPU
		{A3543170-3BCC-4401-945B-753B62099730}.Release|Any CPU.ActiveCfg = Release|Any CPU
		{A3543170-3BCC-4401-945B-753B62099730}.Release|Any CPU.Build.0 = Release|Any CPU
	EndGlobalSection
	GlobalSection(SolutionProperties) = preSolution
		HideSolutionNode = FALSE
	EndGlobalSection
	GlobalSection(ExtensibilityGlobals) = postSolution
		SolutionGuid = {74B9AEE2-8CD1-4CD4-89F3-CEFFC1F646FD}
	EndGlobalSection
EndGlobal
